// !$*UTF8*$!
{
	archiveVersion = 1;
	classes = {
	};
	objectVersion = 50;
	objects = {

/* Begin PBXBuildFile section */
		AB376DD2269CD6CB0070F26F /* SpotifyiOS.framework in Frameworks */ = {isa = PBXBuildFile; fileRef = AB376DCF269CD6740070F26F /* SpotifyiOS.framework */; };
		AB376DE8269DE3CE0070F26F /* SpotifyTrackInfo.swift in Sources */ = {isa = PBXBuildFile; fileRef = AB376DE7269DE3CE0070F26F /* SpotifyTrackInfo.swift */; };
		AB376DE9269DE46E0070F26F /* SpotifyTrackInfo.swift in Sources */ = {isa = PBXBuildFile; fileRef = AB376DE7269DE3CE0070F26F /* SpotifyTrackInfo.swift */; };
		AB88696A267B95010015D53C /* CentralAppApp.swift in Sources */ = {isa = PBXBuildFile; fileRef = AB886969267B95010015D53C /* CentralAppApp.swift */; };
		AB88696C267B95010015D53C /* ContentView.swift in Sources */ = {isa = PBXBuildFile; fileRef = AB88696B267B95010015D53C /* ContentView.swift */; };
		AB88696E267B95030015D53C /* Assets.xcassets in Resources */ = {isa = PBXBuildFile; fileRef = AB88696D267B95030015D53C /* Assets.xcassets */; };
		AB886971267B95030015D53C /* Preview Assets.xcassets in Resources */ = {isa = PBXBuildFile; fileRef = AB886970267B95030015D53C /* Preview Assets.xcassets */; };
		AB886995267B95530015D53C /* BTCentralManager.swift in Sources */ = {isa = PBXBuildFile; fileRef = AB886993267B95530015D53C /* BTCentralManager.swift */; };
		AB886996267B95530015D53C /* BTCentralView.swift in Sources */ = {isa = PBXBuildFile; fileRef = AB886994267B95530015D53C /* BTCentralView.swift */; };
		AB88699E267B962D0015D53C /* BTPeripheralManager.swift in Sources */ = {isa = PBXBuildFile; fileRef = AB88699D267B962D0015D53C /* BTPeripheralManager.swift */; };
		AB8869CA267BD7830015D53C /* Assets.xcassets in Resources */ = {isa = PBXBuildFile; fileRef = AB8869C9267BD7830015D53C /* Assets.xcassets */; };
		AB8869CD267BD7830015D53C /* Preview Assets.xcassets in Resources */ = {isa = PBXBuildFile; fileRef = AB8869CC267BD7830015D53C /* Preview Assets.xcassets */; };
		AB8869D2267BD7830015D53C /* CentralAppClip.app in Embed App Clips */ = {isa = PBXBuildFile; fileRef = AB8869C3267BD7800015D53C /* CentralAppClip.app */; settings = {ATTRIBUTES = (RemoveHeadersOnCopy, ); }; };
		AB8869D8267BDA5A0015D53C /* CentralAppApp.swift in Sources */ = {isa = PBXBuildFile; fileRef = AB886969267B95010015D53C /* CentralAppApp.swift */; };
		AB8869D9267BDB0B0015D53C /* BTCentralManager.swift in Sources */ = {isa = PBXBuildFile; fileRef = AB886993267B95530015D53C /* BTCentralManager.swift */; };
		AB8869DA267BDB230015D53C /* BTPeripheralManager.swift in Sources */ = {isa = PBXBuildFile; fileRef = AB88699D267B962D0015D53C /* BTPeripheralManager.swift */; };
		AB8869DB267BDB2A0015D53C /* BTCentralView.swift in Sources */ = {isa = PBXBuildFile; fileRef = AB886994267B95530015D53C /* BTCentralView.swift */; };
		AB8869DD267CDDD70015D53C /* ContentView.swift in Sources */ = {isa = PBXBuildFile; fileRef = AB8869C7267BD7800015D53C /* ContentView.swift */; };
		AB8FA959269CCD9C00DEB749 /* SpotifyView.swift in Sources */ = {isa = PBXBuildFile; fileRef = AB8FA958269CCD9C00DEB749 /* SpotifyView.swift */; };
		ABE8701A269E9704001F1E8A /* SpotifyView.swift in Sources */ = {isa = PBXBuildFile; fileRef = AB8FA958269CCD9C00DEB749 /* SpotifyView.swift */; };
/* End PBXBuildFile section */

/* Begin PBXContainerItemProxy section */
		AB8869D0267BD7830015D53C /* PBXContainerItemProxy */ = {
			isa = PBXContainerItemProxy;
			containerPortal = AB88695E267B95010015D53C /* Project object */;
			proxyType = 1;
			remoteGlobalIDString = AB8869C2267BD7800015D53C;
			remoteInfo = CentralAppClip;
		};
/* End PBXContainerItemProxy section */

/* Begin PBXCopyFilesBuildPhase section */
		AB8869D6267BD7830015D53C /* Embed App Clips */ = {
			isa = PBXCopyFilesBuildPhase;
			buildActionMask = 2147483647;
			dstPath = "$(CONTENTS_FOLDER_PATH)/AppClips";
			dstSubfolderSpec = 16;
			files = (
				AB8869D2267BD7830015D53C /* CentralAppClip.app in Embed App Clips */,
			);
			name = "Embed App Clips";
			runOnlyForDeploymentPostprocessing = 0;
		};
/* End PBXCopyFilesBuildPhase section */

/* Begin PBXFileReference section */
		AB376DCF269CD6740070F26F /* SpotifyiOS.framework */ = {isa = PBXFileReference; lastKnownFileType = wrapper.framework; name = SpotifyiOS.framework; path = CentralApp/SpotifyiOS.framework; sourceTree = "<group>"; };
		AB376DE7269DE3CE0070F26F /* SpotifyTrackInfo.swift */ = {isa = PBXFileReference; fileEncoding = 4; lastKnownFileType = sourcecode.swift; name = SpotifyTrackInfo.swift; path = ../../SpotifyApp/SpotifyApp/SpotifyTrackInfo.swift; sourceTree = "<group>"; };
		AB886966267B95010015D53C /* CentralApp.app */ = {isa = PBXFileReference; explicitFileType = wrapper.application; includeInIndex = 0; path = CentralApp.app; sourceTree = BUILT_PRODUCTS_DIR; };
		AB886969267B95010015D53C /* CentralAppApp.swift */ = {isa = PBXFileReference; lastKnownFileType = sourcecode.swift; path = CentralAppApp.swift; sourceTree = "<group>"; };
		AB88696B267B95010015D53C /* ContentView.swift */ = {isa = PBXFileReference; lastKnownFileType = sourcecode.swift; path = ContentView.swift; sourceTree = "<group>"; };
		AB88696D267B95030015D53C /* Assets.xcassets */ = {isa = PBXFileReference; lastKnownFileType = folder.assetcatalog; path = Assets.xcassets; sourceTree = "<group>"; };
		AB886970267B95030015D53C /* Preview Assets.xcassets */ = {isa = PBXFileReference; lastKnownFileType = folder.assetcatalog; path = "Preview Assets.xcassets"; sourceTree = "<group>"; };
		AB886972267B95030015D53C /* Info.plist */ = {isa = PBXFileReference; lastKnownFileType = text.plist.xml; path = Info.plist; sourceTree = "<group>"; };
		AB886993267B95530015D53C /* BTCentralManager.swift */ = {isa = PBXFileReference; fileEncoding = 4; lastKnownFileType = sourcecode.swift; path = BTCentralManager.swift; sourceTree = "<group>"; };
		AB886994267B95530015D53C /* BTCentralView.swift */ = {isa = PBXFileReference; fileEncoding = 4; lastKnownFileType = sourcecode.swift; path = BTCentralView.swift; sourceTree = "<group>"; };
		AB88699D267B962D0015D53C /* BTPeripheralManager.swift */ = {isa = PBXFileReference; fileEncoding = 4; lastKnownFileType = sourcecode.swift; name = BTPeripheralManager.swift; path = ../../PeripheralApp/PeripheralApp/BTPeripheralManager.swift; sourceTree = "<group>"; };
		AB8869C3267BD7800015D53C /* CentralAppClip.app */ = {isa = PBXFileReference; explicitFileType = wrapper.application; includeInIndex = 0; path = CentralAppClip.app; sourceTree = BUILT_PRODUCTS_DIR; };
		AB8869C5267BD7800015D53C /* CentralAppClipApp.swift */ = {isa = PBXFileReference; lastKnownFileType = sourcecode.swift; path = CentralAppClipApp.swift; sourceTree = "<group>"; };
		AB8869C7267BD7800015D53C /* ContentView.swift */ = {isa = PBXFileReference; lastKnownFileType = sourcecode.swift; path = ContentView.swift; sourceTree = "<group>"; };
		AB8869C9267BD7830015D53C /* Assets.xcassets */ = {isa = PBXFileReference; lastKnownFileType = folder.assetcatalog; path = Assets.xcassets; sourceTree = "<group>"; };
		AB8869CC267BD7830015D53C /* Preview Assets.xcassets */ = {isa = PBXFileReference; lastKnownFileType = folder.assetcatalog; path = "Preview Assets.xcassets"; sourceTree = "<group>"; };
		AB8869CE267BD7830015D53C /* Info.plist */ = {isa = PBXFileReference; lastKnownFileType = text.plist.xml; path = Info.plist; sourceTree = "<group>"; };
		AB8869CF267BD7830015D53C /* CentralAppClip.entitlements */ = {isa = PBXFileReference; lastKnownFileType = text.plist.entitlements; path = CentralAppClip.entitlements; sourceTree = "<group>"; };
		AB8869D7267BD7D20015D53C /* CentralApp.entitlements */ = {isa = PBXFileReference; lastKnownFileType = text.plist.entitlements; path = CentralApp.entitlements; sourceTree = "<group>"; };
		AB8FA957269CCBD700DEB749 /* CentralApp-Bridging-Header.h */ = {isa = PBXFileReference; lastKnownFileType = sourcecode.c.h; path = "CentralApp-Bridging-Header.h"; sourceTree = "<group>"; };
		AB8FA958269CCD9C00DEB749 /* SpotifyView.swift */ = {isa = PBXFileReference; lastKnownFileType = sourcecode.swift; path = SpotifyView.swift; sourceTree = "<group>"; };
/* End PBXFileReference section */

/* Begin PBXFrameworksBuildPhase section */
		AB886963267B95010015D53C /* Frameworks */ = {
			isa = PBXFrameworksBuildPhase;
			buildActionMask = 2147483647;
			files = (
				AB376DD2269CD6CB0070F26F /* SpotifyiOS.framework in Frameworks */,
			);
			runOnlyForDeploymentPostprocessing = 0;
		};
		AB8869C0267BD7800015D53C /* Frameworks */ = {
			isa = PBXFrameworksBuildPhase;
			buildActionMask = 2147483647;
			files = (
			);
			runOnlyForDeploymentPostprocessing = 0;
		};
/* End PBXFrameworksBuildPhase section */

/* Begin PBXGroup section */
		AB376DC6269CD5060070F26F /* Frameworks */ = {
			isa = PBXGroup;
			children = (
				AB376DCF269CD6740070F26F /* SpotifyiOS.framework */,
			);
			name = Frameworks;
			sourceTree = "<group>";
		};
		AB88695D267B95010015D53C = {
			isa = PBXGroup;
			children = (
				AB886968267B95010015D53C /* CentralApp */,
				AB8869C4267BD7800015D53C /* CentralAppClip */,
				AB886967267B95010015D53C /* Products */,
				AB376DC6269CD5060070F26F /* Frameworks */,
			);
			sourceTree = "<group>";
		};
		AB886967267B95010015D53C /* Products */ = {
			isa = PBXGroup;
			children = (
				AB886966267B95010015D53C /* CentralApp.app */,
				AB8869C3267BD7800015D53C /* CentralAppClip.app */,
			);
			name = Products;
			sourceTree = "<group>";
		};
		AB886968267B95010015D53C /* CentralApp */ = {
			isa = PBXGroup;
			children = (
				AB376DE7269DE3CE0070F26F /* SpotifyTrackInfo.swift */,
				AB8869D7267BD7D20015D53C /* CentralApp.entitlements */,
				AB88699D267B962D0015D53C /* BTPeripheralManager.swift */,
				AB886993267B95530015D53C /* BTCentralManager.swift */,
				AB886994267B95530015D53C /* BTCentralView.swift */,
				AB8FA958269CCD9C00DEB749 /* SpotifyView.swift */,
				AB886969267B95010015D53C /* CentralAppApp.swift */,
				AB88696B267B95010015D53C /* ContentView.swift */,
				AB88696D267B95030015D53C /* Assets.xcassets */,
				AB886972267B95030015D53C /* Info.plist */,
				AB88696F267B95030015D53C /* Preview Content */,
				AB8FA957269CCBD700DEB749 /* CentralApp-Bridging-Header.h */,
			);
			path = CentralApp;
			sourceTree = "<group>";
		};
		AB88696F267B95030015D53C /* Preview Content */ = {
			isa = PBXGroup;
			children = (
				AB886970267B95030015D53C /* Preview Assets.xcassets */,
			);
			path = "Preview Content";
			sourceTree = "<group>";
		};
		AB8869C4267BD7800015D53C /* CentralAppClip */ = {
			isa = PBXGroup;
			children = (
				AB8869C5267BD7800015D53C /* CentralAppClipApp.swift */,
				AB8869C7267BD7800015D53C /* ContentView.swift */,
				AB8869C9267BD7830015D53C /* Assets.xcassets */,
				AB8869CE267BD7830015D53C /* Info.plist */,
				AB8869CF267BD7830015D53C /* CentralAppClip.entitlements */,
				AB8869CB267BD7830015D53C /* Preview Content */,
			);
			path = CentralAppClip;
			sourceTree = "<group>";
		};
		AB8869CB267BD7830015D53C /* Preview Content */ = {
			isa = PBXGroup;
			children = (
				AB8869CC267BD7830015D53C /* Preview Assets.xcassets */,
			);
			path = "Preview Content";
			sourceTree = "<group>";
		};
/* End PBXGroup section */

/* Begin PBXNativeTarget section */
		AB886965267B95010015D53C /* CentralApp */ = {
			isa = PBXNativeTarget;
			buildConfigurationList = AB886975267B95030015D53C /* Build configuration list for PBXNativeTarget "CentralApp" */;
			buildPhases = (
				AB886962267B95010015D53C /* Sources */,
				AB886963267B95010015D53C /* Frameworks */,
				AB886964267B95010015D53C /* Resources */,
				AB8869D6267BD7830015D53C /* Embed App Clips */,
			);
			buildRules = (
			);
			dependencies = (
				AB8869D1267BD7830015D53C /* PBXTargetDependency */,
			);
			name = CentralApp;
			productName = CentralApp;
			productReference = AB886966267B95010015D53C /* CentralApp.app */;
			productType = "com.apple.product-type.application";
		};
		AB8869C2267BD7800015D53C /* CentralAppClip */ = {
			isa = PBXNativeTarget;
			buildConfigurationList = AB8869D3267BD7830015D53C /* Build configuration list for PBXNativeTarget "CentralAppClip" */;
			buildPhases = (
				AB8869BF267BD7800015D53C /* Sources */,
				AB8869C0267BD7800015D53C /* Frameworks */,
				AB8869C1267BD7800015D53C /* Resources */,
			);
			buildRules = (
			);
			dependencies = (
			);
			name = CentralAppClip;
			productName = CentralAppClip;
			productReference = AB8869C3267BD7800015D53C /* CentralAppClip.app */;
			productType = "com.apple.product-type.application.on-demand-install-capable";
		};
/* End PBXNativeTarget section */

/* Begin PBXProject section */
		AB88695E267B95010015D53C /* Project object */ = {
			isa = PBXProject;
			attributes = {
				LastSwiftUpdateCheck = 1250;
				LastUpgradeCheck = 1250;
				TargetAttributes = {
					AB886965267B95010015D53C = {
						CreatedOnToolsVersion = 12.5;
					};
					AB8869C2267BD7800015D53C = {
						CreatedOnToolsVersion = 12.5;
					};
				};
			};
			buildConfigurationList = AB886961267B95010015D53C /* Build configuration list for PBXProject "CentralApp" */;
			compatibilityVersion = "Xcode 9.3";
			developmentRegion = en;
			hasScannedForEncodings = 0;
			knownRegions = (
				en,
				Base,
			);
			mainGroup = AB88695D267B95010015D53C;
			productRefGroup = AB886967267B95010015D53C /* Products */;
			projectDirPath = "";
			projectRoot = "";
			targets = (
				AB886965267B95010015D53C /* CentralApp */,
				AB8869C2267BD7800015D53C /* CentralAppClip */,
			);
		};
/* End PBXProject section */

/* Begin PBXResourcesBuildPhase section */
		AB886964267B95010015D53C /* Resources */ = {
			isa = PBXResourcesBuildPhase;
			buildActionMask = 2147483647;
			files = (
				AB886971267B95030015D53C /* Preview Assets.xcassets in Resources */,
				AB88696E267B95030015D53C /* Assets.xcassets in Resources */,
			);
			runOnlyForDeploymentPostprocessing = 0;
		};
		AB8869C1267BD7800015D53C /* Resources */ = {
			isa = PBXResourcesBuildPhase;
			buildActionMask = 2147483647;
			files = (
				AB8869CD267BD7830015D53C /* Preview Assets.xcassets in Resources */,
				AB8869CA267BD7830015D53C /* Assets.xcassets in Resources */,
			);
			runOnlyForDeploymentPostprocessing = 0;
		};
/* End PBXResourcesBuildPhase section */

/* Begin PBXSourcesBuildPhase section */
		AB886962267B95010015D53C /* Sources */ = {
			isa = PBXSourcesBuildPhase;
			buildActionMask = 2147483647;
			files = (
				AB376DE8269DE3CE0070F26F /* SpotifyTrackInfo.swift in Sources */,
				AB886996267B95530015D53C /* BTCentralView.swift in Sources */,
				AB88699E267B962D0015D53C /* BTPeripheralManager.swift in Sources */,
				AB88696C267B95010015D53C /* ContentView.swift in Sources */,
				AB88696A267B95010015D53C /* CentralAppApp.swift in Sources */,
				AB886995267B95530015D53C /* BTCentralManager.swift in Sources */,
				AB8FA959269CCD9C00DEB749 /* SpotifyView.swift in Sources */,
			);
			runOnlyForDeploymentPostprocessing = 0;
		};
		AB8869BF267BD7800015D53C /* Sources */ = {
			isa = PBXSourcesBuildPhase;
			buildActionMask = 2147483647;
			files = (
				ABE8701A269E9704001F1E8A /* SpotifyView.swift in Sources */,
				AB8869DB267BDB2A0015D53C /* BTCentralView.swift in Sources */,
				AB8869DD267CDDD70015D53C /* ContentView.swift in Sources */,
				AB8869DA267BDB230015D53C /* BTPeripheralManager.swift in Sources */,
				AB8869D8267BDA5A0015D53C /* CentralAppApp.swift in Sources */,
				AB376DE9269DE46E0070F26F /* SpotifyTrackInfo.swift in Sources */,
				AB8869D9267BDB0B0015D53C /* BTCentralManager.swift in Sources */,
			);
			runOnlyForDeploymentPostprocessing = 0;
		};
/* End PBXSourcesBuildPhase section */

/* Begin PBXTargetDependency section */
		AB8869D1267BD7830015D53C /* PBXTargetDependency */ = {
			isa = PBXTargetDependency;
			target = AB8869C2267BD7800015D53C /* CentralAppClip */;
			targetProxy = AB8869D0267BD7830015D53C /* PBXContainerItemProxy */;
		};
/* End PBXTargetDependency section */

/* Begin XCBuildConfiguration section */
		AB886973267B95030015D53C /* Debug */ = {
			isa = XCBuildConfiguration;
			buildSettings = {
				ALWAYS_SEARCH_USER_PATHS = NO;
				CLANG_ANALYZER_NONNULL = YES;
				CLANG_ANALYZER_NUMBER_OBJECT_CONVERSION = YES_AGGRESSIVE;
				CLANG_CXX_LANGUAGE_STANDARD = "gnu++14";
				CLANG_CXX_LIBRARY = "libc++";
				CLANG_ENABLE_MODULES = YES;
				CLANG_ENABLE_OBJC_ARC = YES;
				CLANG_ENABLE_OBJC_WEAK = YES;
				CLANG_WARN_BLOCK_CAPTURE_AUTORELEASING = YES;
				CLANG_WARN_BOOL_CONVERSION = YES;
				CLANG_WARN_COMMA = YES;
				CLANG_WARN_CONSTANT_CONVERSION = YES;
				CLANG_WARN_DEPRECATED_OBJC_IMPLEMENTATIONS = YES;
				CLANG_WARN_DIRECT_OBJC_ISA_USAGE = YES_ERROR;
				CLANG_WARN_DOCUMENTATION_COMMENTS = YES;
				CLANG_WARN_EMPTY_BODY = YES;
				CLANG_WARN_ENUM_CONVERSION = YES;
				CLANG_WARN_INFINITE_RECURSION = YES;
				CLANG_WARN_INT_CONVERSION = YES;
				CLANG_WARN_NON_LITERAL_NULL_CONVERSION = YES;
				CLANG_WARN_OBJC_IMPLICIT_RETAIN_SELF = YES;
				CLANG_WARN_OBJC_LITERAL_CONVERSION = YES;
				CLANG_WARN_OBJC_ROOT_CLASS = YES_ERROR;
				CLANG_WARN_QUOTED_INCLUDE_IN_FRAMEWORK_HEADER = YES;
				CLANG_WARN_RANGE_LOOP_ANALYSIS = YES;
				CLANG_WARN_STRICT_PROTOTYPES = YES;
				CLANG_WARN_SUSPICIOUS_MOVE = YES;
				CLANG_WARN_UNGUARDED_AVAILABILITY = YES_AGGRESSIVE;
				CLANG_WARN_UNREACHABLE_CODE = YES;
				CLANG_WARN__DUPLICATE_METHOD_MATCH = YES;
				COPY_PHASE_STRIP = NO;
				DEBUG_INFORMATION_FORMAT = dwarf;
				ENABLE_STRICT_OBJC_MSGSEND = YES;
				ENABLE_TESTABILITY = YES;
				GCC_C_LANGUAGE_STANDARD = gnu11;
				GCC_DYNAMIC_NO_PIC = NO;
				GCC_NO_COMMON_BLOCKS = YES;
				GCC_OPTIMIZATION_LEVEL = 0;
				GCC_PREPROCESSOR_DEFINITIONS = (
					"DEBUG=1",
					"$(inherited)",
				);
				GCC_WARN_64_TO_32_BIT_CONVERSION = YES;
				GCC_WARN_ABOUT_RETURN_TYPE = YES_ERROR;
				GCC_WARN_UNDECLARED_SELECTOR = YES;
				GCC_WARN_UNINITIALIZED_AUTOS = YES_AGGRESSIVE;
				GCC_WARN_UNUSED_FUNCTION = YES;
				GCC_WARN_UNUSED_VARIABLE = YES;
				IPHONEOS_DEPLOYMENT_TARGET = 14.5;
				MTL_ENABLE_DEBUG_INFO = INCLUDE_SOURCE;
				MTL_FAST_MATH = YES;
				ONLY_ACTIVE_ARCH = YES;
				SDKROOT = iphoneos;
				SWIFT_ACTIVE_COMPILATION_CONDITIONS = DEBUG;
				SWIFT_OPTIMIZATION_LEVEL = "-Onone";
			};
			name = Debug;
		};
		AB886974267B95030015D53C /* Release */ = {
			isa = XCBuildConfiguration;
			buildSettings = {
				ALWAYS_SEARCH_USER_PATHS = NO;
				CLANG_ANALYZER_NONNULL = YES;
				CLANG_ANALYZER_NUMBER_OBJECT_CONVERSION = YES_AGGRESSIVE;
				CLANG_CXX_LANGUAGE_STANDARD = "gnu++14";
				CLANG_CXX_LIBRARY = "libc++";
				CLANG_ENABLE_MODULES = YES;
				CLANG_ENABLE_OBJC_ARC = YES;
				CLANG_ENABLE_OBJC_WEAK = YES;
				CLANG_WARN_BLOCK_CAPTURE_AUTORELEASING = YES;
				CLANG_WARN_BOOL_CONVERSION = YES;
				CLANG_WARN_COMMA = YES;
				CLANG_WARN_CONSTANT_CONVERSION = YES;
				CLANG_WARN_DEPRECATED_OBJC_IMPLEMENTATIONS = YES;
				CLANG_WARN_DIRECT_OBJC_ISA_USAGE = YES_ERROR;
				CLANG_WARN_DOCUMENTATION_COMMENTS = YES;
				CLANG_WARN_EMPTY_BODY = YES;
				CLANG_WARN_ENUM_CONVERSION = YES;
				CLANG_WARN_INFINITE_RECURSION = YES;
				CLANG_WARN_INT_CONVERSION = YES;
				CLANG_WARN_NON_LITERAL_NULL_CONVERSION = YES;
				CLANG_WARN_OBJC_IMPLICIT_RETAIN_SELF = YES;
				CLANG_WARN_OBJC_LITERAL_CONVERSION = YES;
				CLANG_WARN_OBJC_ROOT_CLASS = YES_ERROR;
				CLANG_WARN_QUOTED_INCLUDE_IN_FRAMEWORK_HEADER = YES;
				CLANG_WARN_RANGE_LOOP_ANALYSIS = YES;
				CLANG_WARN_STRICT_PROTOTYPES = YES;
				CLANG_WARN_SUSPICIOUS_MOVE = YES;
				CLANG_WARN_UNGUARDED_AVAILABILITY = YES_AGGRESSIVE;
				CLANG_WARN_UNREACHABLE_CODE = YES;
				CLANG_WARN__DUPLICATE_METHOD_MATCH = YES;
				COPY_PHASE_STRIP = NO;
				DEBUG_INFORMATION_FORMAT = "dwarf-with-dsym";
				ENABLE_NS_ASSERTIONS = NO;
				ENABLE_STRICT_OBJC_MSGSEND = YES;
				GCC_C_LANGUAGE_STANDARD = gnu11;
				GCC_NO_COMMON_BLOCKS = YES;
				GCC_WARN_64_TO_32_BIT_CONVERSION = YES;
				GCC_WARN_ABOUT_RETURN_TYPE = YES_ERROR;
				GCC_WARN_UNDECLARED_SELECTOR = YES;
				GCC_WARN_UNINITIALIZED_AUTOS = YES_AGGRESSIVE;
				GCC_WARN_UNUSED_FUNCTION = YES;
				GCC_WARN_UNUSED_VARIABLE = YES;
				IPHONEOS_DEPLOYMENT_TARGET = 14.5;
				MTL_ENABLE_DEBUG_INFO = NO;
				MTL_FAST_MATH = YES;
				SDKROOT = iphoneos;
				SWIFT_COMPILATION_MODE = wholemodule;
				SWIFT_OPTIMIZATION_LEVEL = "-O";
				VALIDATE_PRODUCT = YES;
			};
			name = Release;
		};
		AB886976267B95030015D53C /* Debug */ = {
			isa = XCBuildConfiguration;
			buildSettings = {
				ALWAYS_EMBED_SWIFT_STANDARD_LIBRARIES = YES;
				ASSETCATALOG_COMPILER_APPICON_NAME = AppIcon;
				ASSETCATALOG_COMPILER_GLOBAL_ACCENT_COLOR_NAME = AccentColor;
				CODE_SIGN_ENTITLEMENTS = CentralApp/CentralApp.entitlements;
				CODE_SIGN_STYLE = Automatic;
				DEVELOPMENT_ASSET_PATHS = "\"CentralApp/Preview Content\"";
				DEVELOPMENT_TEAM = 4MUC8K263B;
				ENABLE_PREVIEWS = YES;
				FRAMEWORK_SEARCH_PATHS = (
					"$(inherited)",
					"$(PROJECT_DIR)/CentralApp",
				);
				INFOPLIST_FILE = CentralApp/Info.plist;
				IPHONEOS_DEPLOYMENT_TARGET = 14.0;
				LD_RUNPATH_SEARCH_PATHS = (
					"$(inherited)",
					"@executable_path/Frameworks",
				);
				OTHER_LDFLAGS = "-ObjC";
				PRODUCT_BUNDLE_IDENTIFIER = com.squarepi.CentralApp;
				PRODUCT_NAME = "$(TARGET_NAME)";
				SWIFT_ACTIVE_COMPILATION_CONDITIONS = DEBUG;
				SWIFT_OBJC_BRIDGING_HEADER = "CentralApp/CentralApp-Bridging-Header.h";
				SWIFT_VERSION = 5.0;
				TARGETED_DEVICE_FAMILY = 1;
			};
			name = Debug;
		};
		AB886977267B95030015D53C /* Release */ = {
			isa = XCBuildConfiguration;
			buildSettings = {
				ALWAYS_EMBED_SWIFT_STANDARD_LIBRARIES = YES;
				ASSETCATALOG_COMPILER_APPICON_NAME = AppIcon;
				ASSETCATALOG_COMPILER_GLOBAL_ACCENT_COLOR_NAME = AccentColor;
				CODE_SIGN_ENTITLEMENTS = CentralApp/CentralApp.entitlements;
				CODE_SIGN_STYLE = Automatic;
				DEVELOPMENT_ASSET_PATHS = "\"CentralApp/Preview Content\"";
				DEVELOPMENT_TEAM = 4MUC8K263B;
				ENABLE_PREVIEWS = YES;
				FRAMEWORK_SEARCH_PATHS = (
					"$(inherited)",
					"$(PROJECT_DIR)/CentralApp",
				);
				INFOPLIST_FILE = CentralApp/Info.plist;
				IPHONEOS_DEPLOYMENT_TARGET = 14.0;
				LD_RUNPATH_SEARCH_PATHS = (
					"$(inherited)",
					"@executable_path/Frameworks",
				);
				OTHER_LDFLAGS = "-ObjC";
				PRODUCT_BUNDLE_IDENTIFIER = com.squarepi.CentralApp;
				PRODUCT_NAME = "$(TARGET_NAME)";
				SWIFT_ACTIVE_COMPILATION_CONDITIONS = "";
				"SWIFT_ACTIVE_COMPILATION_CONDITIONS[arch=*]" = "";
				SWIFT_OBJC_BRIDGING_HEADER = "CentralApp/CentralApp-Bridging-Header.h";
				SWIFT_VERSION = 5.0;
				TARGETED_DEVICE_FAMILY = 1;
			};
			name = Release;
		};
		AB8869D4267BD7830015D53C /* Debug */ = {
			isa = XCBuildConfiguration;
			buildSettings = {
				ASSETCATALOG_COMPILER_APPICON_NAME = AppIcon;
				ASSETCATALOG_COMPILER_GLOBAL_ACCENT_COLOR_NAME = AccentColor;
				CODE_SIGN_ENTITLEMENTS = CentralAppClip/CentralAppClip.entitlements;
				CODE_SIGN_STYLE = Automatic;
				DEVELOPMENT_ASSET_PATHS = "\"CentralAppClip/Preview Content\"";
				DEVELOPMENT_TEAM = 4MUC8K263B;
				ENABLE_PREVIEWS = YES;
				INFOPLIST_FILE = CentralAppClip/Info.plist;
				IPHONEOS_DEPLOYMENT_TARGET = 14.0;
				LD_RUNPATH_SEARCH_PATHS = (
					"$(inherited)",
					"@executable_path/Frameworks",
				);
				PRODUCT_BUNDLE_IDENTIFIER = com.squarepi.CentralApp.Clip;
				PRODUCT_NAME = "$(TARGET_NAME)";
				SWIFT_ACTIVE_COMPILATION_CONDITIONS = "DEBUG APPCLIP";
				SWIFT_VERSION = 5.0;
				TARGETED_DEVICE_FAMILY = 1;
			};
			name = Debug;
		};
		AB8869D5267BD7830015D53C /* Release */ = {
			isa = XCBuildConfiguration;
			buildSettings = {
				ASSETCATALOG_COMPILER_APPICON_NAME = AppIcon;
				ASSETCATALOG_COMPILER_GLOBAL_ACCENT_COLOR_NAME = AccentColor;
				CODE_SIGN_ENTITLEMENTS = CentralAppClip/CentralAppClip.entitlements;
				CODE_SIGN_STYLE = Automatic;
				DEVELOPMENT_ASSET_PATHS = "\"CentralAppClip/Preview Content\"";
				DEVELOPMENT_TEAM = 4MUC8K263B;
				ENABLE_PREVIEWS = YES;
				INFOPLIST_FILE = CentralAppClip/Info.plist;
				IPHONEOS_DEPLOYMENT_TARGET = 14.0;
				LD_RUNPATH_SEARCH_PATHS = (
					"$(inherited)",
					"@executable_path/Frameworks",
				);
				PRODUCT_BUNDLE_IDENTIFIER = com.squarepi.CentralApp.Clip;
				PRODUCT_NAME = "$(TARGET_NAME)";
				SWIFT_ACTIVE_COMPILATION_CONDITIONS = APPCLIP;
				SWIFT_VERSION = 5.0;
				TARGETED_DEVICE_FAMILY = 1;
			};
			name = Release;
		};
/* End XCBuildConfiguration section */

/* Begin XCConfigurationList section */
		AB886961267B95010015D53C /* Build configuration list for PBXProject "CentralApp" */ = {
			isa = XCConfigurationList;
			buildConfigurations = (
				AB886973267B95030015D53C /* Debug */,
				AB886974267B95030015D53C /* Release */,
			);
			defaultConfigurationIsVisible = 0;
			defaultConfigurationName = Release;
		};
		AB886975267B95030015D53C /* Build configuration list for PBXNativeTarget "CentralApp" */ = {
			isa = XCConfigurationList;
			buildConfigurations = (
				AB886976267B95030015D53C /* Debug */,
				AB886977267B95030015D53C /* Release */,
			);
			defaultConfigurationIsVisible = 0;
			defaultConfigurationName = Release;
		};
		AB8869D3267BD7830015D53C /* Build configuration list for PBXNativeTarget "CentralAppClip" */ = {
			isa = XCConfigurationList;
			buildConfigurations = (
				AB8869D4267BD7830015D53C /* Debug */,
				AB8869D5267BD7830015D53C /* Release */,
			);
			defaultConfigurationIsVisible = 0;
			defaultConfigurationName = Release;
		};
/* End XCConfigurationList section */
	};
	rootObject = AB88695E267B95010015D53C /* Project object */;
}
